// !$*UTF8*$!
{
	archiveVersion = 1;
	classes = {
	};
	objectVersion = 77;
	objects = {

/* Begin PBXContainerItemProxy section */
		C3ED3E892DE3A9A70028180D /* PBXContainerItemProxy */ = {
			isa = PBXContainerItemProxy;
			containerPortal = C3ED3E732DE3A9A60028180D /* Project object */;
			proxyType = 1;
			remoteGlobalIDString = C3ED3E7A2DE3A9A60028180D;
			remoteInfo = "snap capsule";
		};
		C3ED3E932DE3A9A70028180D /* PBXContainerItemProxy */ = {
			isa = PBXContainerItemProxy;
			containerPortal = C3ED3E732DE3A9A60028180D /* Project object */;
			proxyType = 1;
			remoteGlobalIDString = C3ED3E7A2DE3A9A60028180D;
			remoteInfo = "snap capsule";
		};
/* End PBXContainerItemProxy section */

/* Begin PBXFileReference section */
		C3ED3E7B2DE3A9A60028180D /* snap capsule.app */ = {isa = PBXFileReference; explicitFileType = wrapper.application; includeInIndex = 0; path = "snap capsule.app"; sourceTree = BUILT_PRODUCTS_DIR; };
		C3ED3E882DE3A9A70028180D /* snap capsuleTests.xctest */ = {isa = PBXFileReference; explicitFileType = wrapper.cfbundle; includeInIndex = 0; path = "snap capsuleTests.xctest"; sourceTree = BUILT_PRODUCTS_DIR; };
		C3ED3E922DE3A9A70028180D /* snap capsuleUITests.xctest */ = {isa = PBXFileReference; explicitFileType = wrapper.cfbundle; includeInIndex = 0; path = "snap capsuleUITests.xctest"; sourceTree = BUILT_PRODUCTS_DIR; };
/* End PBXFileReference section */

/* Begin PBXFileSystemSynchronizedRootGroup section */
		C3ED3E7D2DE3A9A60028180D /* snap capsule */ = {
			isa = PBXFileSystemSynchronizedRootGroup;
			path = "snap capsule";
			sourceTree = "<group>";
		};
		C3ED3E8B2DE3A9A70028180D /* snap capsuleTests */ = {
			isa = PBXFileSystemSynchronizedRootGroup;
			path = "snap capsuleTests";
			sourceTree = "<group>";
		};
		C3ED3E952DE3A9A70028180D /* snap capsuleUITests */ = {
			isa = PBXFileSystemSynchronizedRootGroup;
			path = "snap capsuleUITests";
			sourceTree = "<group>";
		};
/* End PBXFileSystemSynchronizedRootGroup section */

/* Begin PBXFrameworksBuildPhase section */
		C3ED3E782DE3A9A60028180D /* Frameworks */ = {
			isa = PBXFrameworksBuildPhase;
			buildActionMask = 2147483647;
			files = (
			);
			runOnlyForDeploymentPostprocessing = 0;
		};
		C3ED3E852DE3A9A70028180D /* Frameworks */ = {
			isa = PBXFrameworksBuildPhase;
			buildActionMask = 2147483647;
			files = (
			);
			runOnlyForDeploymentPostprocessing = 0;
		};
		C3ED3E8F2DE3A9A70028180D /* Frameworks */ = {
			isa = PBXFrameworksBuildPhase;
			buildActionMask = 2147483647;
			files = (
			);
			runOnlyForDeploymentPostprocessing = 0;
		};
/* End PBXFrameworksBuildPhase section */

/* Begin PBXGroup section */
		C3ED3E722DE3A9A60028180D = {
			isa = PBXGroup;
			children = (
				C3ED3E7D2DE3A9A60028180D /* snap capsule */,
				C3ED3E8B2DE3A9A70028180D /* snap capsuleTests */,
				C3ED3E952DE3A9A70028180D /* snap capsuleUITests */,
				C3ED3E7C2DE3A9A60028180D /* Products */,
			);
			sourceTree = "<group>";
		};
		C3ED3E7C2DE3A9A60028180D /* Products */ = {
			isa = PBXGroup;
			children = (
				C3ED3E7B2DE3A9A60028180D /* snap capsule.app */,
				C3ED3E882DE3A9A70028180D /* snap capsuleTests.xctest */,
				C3ED3E922DE3A9A70028180D /* snap capsuleUITests.xctest */,
			);
			name = Products;
			sourceTree = "<group>";
		};
/* End PBXGroup section */

/* Begin PBXNativeTarget section */
		C3ED3E7A2DE3A9A60028180D /* snap capsule */ = {
			isa = PBXNativeTarget;
			buildConfigurationList = C3ED3E9C2DE3A9A70028180D /* Build configuration list for PBXNativeTarget "snap capsule" */;
			buildPhases = (
				C3ED3E772DE3A9A60028180D /* Sources */,
				C3ED3E782DE3A9A60028180D /* Frameworks */,
				C3ED3E792DE3A9A60028180D /* Resources */,
			);
			buildRules = (
			);
			dependencies = (
			);
			fileSystemSynchronizedGroups = (
				C3ED3E7D2DE3A9A60028180D /* snap capsule */,
			);
			name = "snap capsule";
			packageProductDependencies = (
			);
			productName = "snap capsule";
			productReference = C3ED3E7B2DE3A9A60028180D /* snap capsule.app */;
			productType = "com.apple.product-type.application";
		};
		C3ED3E872DE3A9A70028180D /* snap capsuleTests */ = {
			isa = PBXNativeTarget;
			buildConfigurationList = C3ED3E9F2DE3A9A70028180D /* Build configuration list for PBXNativeTarget "snap capsuleTests" */;
			buildPhases = (
				C3ED3E842DE3A9A70028180D /* Sources */,
				C3ED3E852DE3A9A70028180D /* Frameworks */,
				C3ED3E862DE3A9A70028180D /* Resources */,
			);
			buildRules = (
			);
			dependencies = (
				C3ED3E8A2DE3A9A70028180D /* PBXTargetDependency */,
			);
			fileSystemSynchronizedGroups = (
				C3ED3E8B2DE3A9A70028180D /* snap capsuleTests */,
			);
			name = "snap capsuleTests";
			packageProductDependencies = (
			);
			productName = "snap capsuleTests";
			productReference = C3ED3E882DE3A9A70028180D /* snap capsuleTests.xctest */;
			productType = "com.apple.product-type.bundle.unit-test";
		};
		C3ED3E912DE3A9A70028180D /* snap capsuleUITests */ = {
			isa = PBXNativeTarget;
			buildConfigurationList = C3ED3EA22DE3A9A70028180D /* Build configuration list for PBXNativeTarget "snap capsuleUITests" */;
			buildPhases = (
				C3ED3E8E2DE3A9A70028180D /* Sources */,
				C3ED3E8F2DE3A9A70028180D /* Frameworks */,
				C3ED3E902DE3A9A70028180D /* Resources */,
			);
			buildRules = (
			);
			dependencies = (
				C3ED3E942DE3A9A70028180D /* PBXTargetDependency */,
			);
			fileSystemSynchronizedGroups = (
				C3ED3E952DE3A9A70028180D /* snap capsuleUITests */,
			);
			name = "snap capsuleUITests";
			packageProductDependencies = (
			);
			productName = "snap capsuleUITests";
			productReference = C3ED3E922DE3A9A70028180D /* snap capsuleUITests.xctest */;
			productType = "com.apple.product-type.bundle.ui-testing";
		};
/* End PBXNativeTarget section */

/* Begin PBXProject section */
		C3ED3E732DE3A9A60028180D /* Project object */ = {
			isa = PBXProject;
			attributes = {
				BuildIndependentTargetsInParallel = 1;
				LastSwiftUpdateCheck = 1630;
				LastUpgradeCheck = 1630;
				TargetAttributes = {
					C3ED3E7A2DE3A9A60028180D = {
						CreatedOnToolsVersion = 16.3;
					};
					C3ED3E872DE3A9A70028180D = {
						CreatedOnToolsVersion = 16.3;
						TestTargetID = C3ED3E7A2DE3A9A60028180D;
					};
					C3ED3E912DE3A9A70028180D = {
						CreatedOnToolsVersion = 16.3;
						TestTargetID = C3ED3E7A2DE3A9A60028180D;
					};
				};
			};
			buildConfigurationList = C3ED3E762DE3A9A60028180D /* Build configuration list for PBXProject "snap capsule" */;
			developmentRegion = en;
			hasScannedForEncodings = 0;
			knownRegions = (
				en,
				Base,
			);
			mainGroup = C3ED3E722DE3A9A60028180D;
			minimizedProjectReferenceProxies = 1;
			preferredProjectObjectVersion = 77;
			productRefGroup = C3ED3E7C2DE3A9A60028180D /* Products */;
			projectDirPath = "";
			projectRoot = "";
			targets = (
				C3ED3E7A2DE3A9A60028180D /* snap capsule */,
				C3ED3E872DE3A9A70028180D /* snap capsuleTests */,
				C3ED3E912DE3A9A70028180D /* snap capsuleUITests */,
			);
		};
/* End PBXProject section */

/* Begin PBXResourcesBuildPhase section */
		C3ED3E792DE3A9A60028180D /* Resources */ = {
			isa = PBXResourcesBuildPhase;
			buildActionMask = 2147483647;
			files = (
			);
			runOnlyForDeploymentPostprocessing = 0;
		};
		C3ED3E862DE3A9A70028180D /* Resources */ = {
			isa = PBXResourcesBuildPhase;
			buildActionMask = 2147483647;
			files = (
			);
			runOnlyForDeploymentPostprocessing = 0;
		};
		C3ED3E902DE3A9A70028180D /* Resources */ = {
			isa = PBXResourcesBuildPhase;
			buildActionMask = 2147483647;
			files = (
			);
			runOnlyForDeploymentPostprocessing = 0;
		};
/* End PBXResourcesBuildPhase section */

/* Begin PBXSourcesBuildPhase section */
		C3ED3E772DE3A9A60028180D /* Sources */ = {
			isa = PBXSourcesBuildPhase;
			buildActionMask = 2147483647;
			files = (
			);
			runOnlyForDeploymentPostprocessing = 0;
		};
		C3ED3E842DE3A9A70028180D /* Sources */ = {
			isa = PBXSourcesBuildPhase;
			buildActionMask = 2147483647;
			files = (
			);
			runOnlyForDeploymentPostprocessing = 0;
		};
		C3ED3E8E2DE3A9A70028180D /* Sources */ = {
			isa = PBXSourcesBuildPhase;
			buildActionMask = 2147483647;
			files = (
			);
			runOnlyForDeploymentPostprocessing = 0;
		};
/* End PBXSourcesBuildPhase section */

/* Begin PBXTargetDependency section */
		C3ED3E8A2DE3A9A70028180D /* PBXTargetDependency */ = {
			isa = PBXTargetDependency;
			target = C3ED3E7A2DE3A9A60028180D /* snap capsule */;
			targetProxy = C3ED3E892DE3A9A70028180D /* PBXContainerItemProxy */;
		};
		C3ED3E942DE3A9A70028180D /* PBXTargetDependency */ = {
			isa = PBXTargetDependency;
			target = C3ED3E7A2DE3A9A60028180D /* snap capsule */;
			targetProxy = C3ED3E932DE3A9A70028180D /* PBXContainerItemProxy */;
		};
/* End PBXTargetDependency section */

/* Begin XCBuildConfiguration section */
		C3ED3E9A2DE3A9A70028180D /* Debug */ = {
			isa = XCBuildConfiguration;
			buildSettings = {
				ALWAYS_SEARCH_USER_PATHS = NO;
				ASSETCATALOG_COMPILER_GENERATE_SWIFT_ASSET_SYMBOL_EXTENSIONS = YES;
				CLANG_ANALYZER_NONNULL = YES;
				CLANG_ANALYZER_NUMBER_OBJECT_CONVERSION = YES_AGGRESSIVE;
				CLANG_CXX_LANGUAGE_STANDARD = "gnu++20";
				CLANG_ENABLE_MODULES = YES;
				CLANG_ENABLE_OBJC_ARC = YES;
				CLANG_ENABLE_OBJC_WEAK = YES;
				CLANG_WARN_BLOCK_CAPTURE_AUTORELEASING = YES;
				CLANG_WARN_BOOL_CONVERSION = YES;
				CLANG_WARN_COMMA = YES;
				CLANG_WARN_CONSTANT_CONVERSION = YES;
				CLANG_WARN_DEPRECATED_OBJC_IMPLEMENTATIONS = YES;
				CLANG_WARN_DIRECT_OBJC_ISA_USAGE = YES_ERROR;
				CLANG_WARN_DOCUMENTATION_COMMENTS = YES;
				CLANG_WARN_EMPTY_BODY = YES;
				CLANG_WARN_ENUM_CONVERSION = YES;
				CLANG_WARN_INFINITE_RECURSION = YES;
				CLANG_WARN_INT_CONVERSION = YES;
				CLANG_WARN_NON_LITERAL_NULL_CONVERSION = YES;
				CLANG_WARN_OBJC_IMPLICIT_RETAIN_SELF = YES;
				CLANG_WARN_OBJC_LITERAL_CONVERSION = YES;
				CLANG_WARN_OBJC_ROOT_CLASS = YES_ERROR;
				CLANG_WARN_QUOTED_INCLUDE_IN_FRAMEWORK_HEADER = YES;
				CLANG_WARN_RANGE_LOOP_ANALYSIS = YES;
				CLANG_WARN_STRICT_PROTOTYPES = YES;
				CLANG_WARN_SUSPICIOUS_MOVE = YES;
				CLANG_WARN_UNGUARDED_AVAILABILITY = YES_AGGRESSIVE;
				CLANG_WARN_UNREACHABLE_CODE = YES;
				CLANG_WARN__DUPLICATE_METHOD_MATCH = YES;
				COPY_PHASE_STRIP = NO;
				DEBUG_INFORMATION_FORMAT = dwarf;
				DEVELOPMENT_TEAM = 2USALF9GCQ;
				ENABLE_STRICT_OBJC_MSGSEND = YES;
				ENABLE_TESTABILITY = YES;
				ENABLE_USER_SCRIPT_SANDBOXING = YES;
				GCC_C_LANGUAGE_STANDARD = gnu17;
				GCC_DYNAMIC_NO_PIC = NO;
				GCC_NO_COMMON_BLOCKS = YES;
				GCC_OPTIMIZATION_LEVEL = 0;
				GCC_PREPROCESSOR_DEFINITIONS = (
					"DEBUG=1",
					"$(inherited)",
				);
				GCC_WARN_64_TO_32_BIT_CONVERSION = YES;
				GCC_WARN_ABOUT_RETURN_TYPE = YES_ERROR;
				GCC_WARN_UNDECLARED_SELECTOR = YES;
				GCC_WARN_UNINITIALIZED_AUTOS = YES_AGGRESSIVE;
				GCC_WARN_UNUSED_FUNCTION = YES;
				GCC_WARN_UNUSED_VARIABLE = YES;
				GENERATE_INFOPLIST_FILE = YES;
				INFOPLIST_KEY_NSCameraUsageDescription = "SnapCapsule needs access to your camera to take photos.";
				INFOPLIST_KEY_NSLocationWhenInUseUsageDescription = "SnapCapsule needs access to your location to tag photos with location data.";
				INFOPLIST_KEY_NSPhotoLibraryAddUsageDescription = "SnapCapsule needs access to your photo library to save captured photos.";
				INFOPLIST_KEY_NSPhotoLibraryUsageDescription = "SnapCapsule needs access to your photo library to save captured photos.";
				INFOPLIST_KEY_UIApplicationSceneManifest_Generation = YES;
				INFOPLIST_KEY_UIApplicationSupportsIndirectInputEvents = YES;
				INFOPLIST_KEY_UILaunchScreen_Generation = YES;
				INFOPLIST_KEY_UISupportedInterfaceOrientations = "UIInterfaceOrientationPortrait UIInterfaceOrientationLandscapeLeft UIInterfaceOrientationLandscapeRight";
				INFOPLIST_KEY_UISupportedInterfaceOrientations_iPad = "UIInterfaceOrientationPortrait UIInterfaceOrientationPortraitUpsideDown UIInterfaceOrientationLandscapeLeft UIInterfaceOrientationLandscapeRight";
				IPHONEOS_DEPLOYMENT_TARGET = 18.4;
				LOCALIZATION_PREFERS_STRING_CATALOGS = YES;
				MTL_ENABLE_DEBUG_INFO = INCLUDE_SOURCE;
				MTL_FAST_MATH = YES;
				ONLY_ACTIVE_ARCH = YES;
				SDKROOT = iphoneos;
				SWIFT_ACTIVE_COMPILATION_CONDITIONS = "DEBUG $(inherited)";
				SWIFT_OPTIMIZATION_LEVEL = "-Onone";
			};
			name = Debug;
		};
		C3ED3E9B2DE3A9A70028180D /* Release */ = {
			isa = XCBuildConfiguration;
			buildSettings = {
				ALWAYS_SEARCH_USER_PATHS = NO;
				ASSETCATALOG_COMPILER_GENERATE_SWIFT_ASSET_SYMBOL_EXTENSIONS = YES;
				CLANG_ANALYZER_NONNULL = YES;
				CLANG_ANALYZER_NUMBER_OBJECT_CONVERSION = YES_AGGRESSIVE;
				CLANG_CXX_LANGUAGE_STANDARD = "gnu++20";
				CLANG_ENABLE_MODULES = YES;
				CLANG_ENABLE_OBJC_ARC = YES;
				CLANG_ENABLE_OBJC_WEAK = YES;
				CLANG_WARN_BLOCK_CAPTURE_AUTORELEASING = YES;
				CLANG_WARN_BOOL_CONVERSION = YES;
				CLANG_WARN_COMMA = YES;
				CLANG_WARN_CONSTANT_CONVERSION = YES;
				CLANG_WARN_DEPRECATED_OBJC_IMPLEMENTATIONS = YES;
				CLANG_WARN_DIRECT_OBJC_ISA_USAGE = YES_ERROR;
				CLANG_WARN_DOCUMENTATION_COMMENTS = YES;
				CLANG_WARN_EMPTY_BODY = YES;
				CLANG_WARN_ENUM_CONVERSION = YES;
				CLANG_WARN_INFINITE_RECURSION = YES;
				CLANG_WARN_INT_CONVERSION = YES;
				CLANG_WARN_NON_LITERAL_NULL_CONVERSION = YES;
				CLANG_WARN_OBJC_IMPLICIT_RETAIN_SELF = YES;
				CLANG_WARN_OBJC_LITERAL_CONVERSION = YES;
				CLANG_WARN_OBJC_ROOT_CLASS = YES_ERROR;
				CLANG_WARN_QUOTED_INCLUDE_IN_FRAMEWORK_HEADER = YES;
				CLANG_WARN_RANGE_LOOP_ANALYSIS = YES;
				CLANG_WARN_STRICT_PROTOTYPES = YES;
				CLANG_WARN_SUSPICIOUS_MOVE = YES;
				CLANG_WARN_UNGUARDED_AVAILABILITY = YES_AGGRESSIVE;
				CLANG_WARN_UNREACHABLE_CODE = YES;
				CLANG_WARN__DUPLICATE_METHOD_MATCH = YES;
				COPY_PHASE_STRIP = NO;
				DEBUG_INFORMATION_FORMAT = "dwarf-with-dsym";
				DEVELOPMENT_TEAM = 2USALF9GCQ;
				ENABLE_NS_ASSERTIONS = NO;
				ENABLE_STRICT_OBJC_MSGSEND = YES;
				ENABLE_USER_SCRIPT_SANDBOXING = YES;
				GCC_C_LANGUAGE_STANDARD = gnu17;
				GCC_NO_COMMON_BLOCKS = YES;
				GCC_WARN_64_TO_32_BIT_CONVERSION = YES;
				GCC_WARN_ABOUT_RETURN_TYPE = YES_ERROR;
				GCC_WARN_UNDECLARED_SELECTOR = YES;
				GCC_WARN_UNINITIALIZED_AUTOS = YES_AGGRESSIVE;
				GCC_WARN_UNUSED_FUNCTION = YES;
				GCC_WARN_UNUSED_VARIABLE = YES;
				GENERATE_INFOPLIST_FILE = YES;
				INFOPLIST_KEY_NSCameraUsageDescription = "SnapCapsule needs access to your camera to take photos.";
				INFOPLIST_KEY_NSLocationWhenInUseUsageDescription = "SnapCapsule needs access to your location to tag photos with location data.";
				INFOPLIST_KEY_NSPhotoLibraryAddUsageDescription = "SnapCapsule needs access to your photo library to save captured photos.";
				INFOPLIST_KEY_NSPhotoLibraryUsageDescription = "SnapCapsule needs access to your photo library to save captured photos.";
				INFOPLIST_KEY_UIApplicationSceneManifest_Generation = YES;
				INFOPLIST_KEY_UIApplicationSupportsIndirectInputEvents = YES;
				INFOPLIST_KEY_UILaunchScreen_Generation = YES;
				INFOPLIST_KEY_UISupportedInterfaceOrientations = "UIInterfaceOrientationPortrait UIInterfaceOrientationLandscapeLeft UIInterfaceOrientationLandscapeRight";
				INFOPLIST_KEY_UISupportedInterfaceOrientations_iPad = "UIInterfaceOrientationPortrait UIInterfaceOrientationPortraitUpsideDown UIInterfaceOrientationLandscapeLeft UIInterfaceOrientationLandscapeRight";
				IPHONEOS_DEPLOYMENT_TARGET = 18.4;
				LOCALIZATION_PREFERS_STRING_CATALOGS = YES;
				MTL_ENABLE_DEBUG_INFO = NO;
				MTL_FAST_MATH = YES;
				SDKROOT = iphoneos;
				SWIFT_COMPILATION_MODE = wholemodule;
				VALIDATE_PRODUCT = YES;
			};
			name = Release;
		};
		C3ED3E9D2DE3A9A70028180D /* Debug */ = {
			isa = XCBuildConfiguration;
			buildSettings = {
				ASSETCATALOG_COMPILER_APPICON_NAME = AppIcon;
				ASSETCATALOG_COMPILER_GLOBAL_ACCENT_COLOR_NAME = AccentColor;
				CODE_SIGN_STYLE = Automatic;
				CURRENT_PROJECT_VERSION = 1;
				DEVELOPMENT_TEAM = 2USALF9GCQ;
				ENABLE_PREVIEWS = YES;
				GENERATE_INFOPLIST_FILE = YES;
				INFOPLIST_KEY_UIApplicationSceneManifest_Generation = YES;
				INFOPLIST_KEY_UIApplicationSupportsIndirectInputEvents = YES;
				INFOPLIST_KEY_UILaunchScreen_Generation = YES;
				INFOPLIST_KEY_UISupportedInterfaceOrientations_iPad = "UIInterfaceOrientationPortrait UIInterfaceOrientationPortraitUpsideDown UIInterfaceOrientationLandscapeLeft UIInterfaceOrientationLandscapeRight";
				INFOPLIST_KEY_UISupportedInterfaceOrientations_iPhone = "UIInterfaceOrientationPortrait UIInterfaceOrientationLandscapeLeft UIInterfaceOrientationLandscapeRight";
				LD_RUNPATH_SEARCH_PATHS = (
					"$(inherited)",
					"@executable_path/Frameworks",
				);
				MARKETING_VERSION = 1.0;
				PRODUCT_BUNDLE_IDENTIFIER = "com.snapcapsule.snap-capsule";
				PRODUCT_NAME = "$(TARGET_NAME)";
				SWIFT_EMIT_LOC_STRINGS = YES;
				SWIFT_VERSION = 5.0;
				TARGETED_DEVICE_FAMILY = "1,2";
			};
			name = Debug;
		};
		C3ED3E9E2DE3A9A70028180D /* Release */ = {
			isa = XCBuildConfiguration;
			buildSettings = {
				ASSETCATALOG_COMPILER_APPICON_NAME = AppIcon;
				ASSETCATALOG_COMPILER_GLOBAL_ACCENT_COLOR_NAME = AccentColor;
				CODE_SIGN_STYLE = Automatic;
				CURRENT_PROJECT_VERSION = 1;
				DEVELOPMENT_TEAM = 2USALF9GCQ;
				ENABLE_PREVIEWS = YES;
				GENERATE_INFOPLIST_FILE = YES;
				INFOPLIST_KEY_UIApplicationSceneManifest_Generation = YES;
				INFOPLIST_KEY_UIApplicationSupportsIndirectInputEvents = YES;
				INFOPLIST_KEY_UILaunchScreen_Generation = YES;
				INFOPLIST_KEY_UISupportedInterfaceOrientations_iPad = "UIInterfaceOrientationPortrait UIInterfaceOrientationPortraitUpsideDown UIInterfaceOrientationLandscapeLeft UIInterfaceOrientationLandscapeRight";
				INFOPLIST_KEY_UISupportedInterfaceOrientations_iPhone = "UIInterfaceOrientationPortrait UIInterfaceOrientationLandscapeLeft UIInterfaceOrientationLandscapeRight";
				LD_RUNPATH_SEARCH_PATHS = (
					"$(inherited)",
					"@executable_path/Frameworks",
				);
				MARKETING_VERSION = 1.0;
				PRODUCT_BUNDLE_IDENTIFIER = "com.snapcapsule.snap-capsule";
				PRODUCT_NAME = "$(TARGET_NAME)";
				SWIFT_EMIT_LOC_STRINGS = YES;
				SWIFT_VERSION = 5.0;
				TARGETED_DEVICE_FAMILY = "1,2";
			};
			name = Release;
		};
		C3ED3EA02DE3A9A70028180D /* Debug */ = {
			isa = XCBuildConfiguration;
			buildSettings = {
				BUNDLE_LOADER = "$(TEST_HOST)";
				CODE_SIGN_STYLE = Automatic;
				CURRENT_PROJECT_VERSION = 1;
				DEVELOPMENT_TEAM = 2USALF9GCQ;
				GENERATE_INFOPLIST_FILE = YES;
				IPHONEOS_DEPLOYMENT_TARGET = 18.4;
				MARKETING_VERSION = 1.0;
				PRODUCT_BUNDLE_IDENTIFIER = "com.snapcapsule.snap-capsuleTests";
				PRODUCT_NAME = "$(TARGET_NAME)";
				SWIFT_EMIT_LOC_STRINGS = NO;
				SWIFT_VERSION = 5.0;
				TARGETED_DEVICE_FAMILY = "1,2";
				TEST_HOST = "$(BUILT_PRODUCTS_DIR)/snap capsule.app/$(BUNDLE_EXECUTABLE_FOLDER_PATH)/snap capsule";
			};
			name = Debug;
		};
		C3ED3EA12DE3A9A70028180D /* Release */ = {
			isa = XCBuildConfiguration;
			buildSettings = {
				BUNDLE_LOADER = "$(TEST_HOST)";
				CODE_SIGN_STYLE = Automatic;
				CURRENT_PROJECT_VERSION = 1;
				DEVELOPMENT_TEAM = 2USALF9GCQ;
				GENERATE_INFOPLIST_FILE = YES;
				IPHONEOS_DEPLOYMENT_TARGET = 18.4;
				MARKETING_VERSION = 1.0;
				PRODUCT_BUNDLE_IDENTIFIER = "com.snapcapsule.snap-capsuleTests";
				PRODUCT_NAME = "$(TARGET_NAME)";
				SWIFT_EMIT_LOC_STRINGS = NO;
				SWIFT_VERSION = 5.0;
				TARGETED_DEVICE_FAMILY = "1,2";
				TEST_HOST = "$(BUILT_PRODUCTS_DIR)/snap capsule.app/$(BUNDLE_EXECUTABLE_FOLDER_PATH)/snap capsule";
			};
			name = Release;
		};
		C3ED3EA32DE3A9A70028180D /* Debug */ = {
			isa = XCBuildConfiguration;
			buildSettings = {
				CODE_SIGN_STYLE = Automatic;
				CURRENT_PROJECT_VERSION = 1;
				DEVELOPMENT_TEAM = 2USALF9GCQ;
				GENERATE_INFOPLIST_FILE = YES;
				MARKETING_VERSION = 1.0;
				PRODUCT_BUNDLE_IDENTIFIER = "com.snapcapsule.snap-capsuleUITests";
				PRODUCT_NAME = "$(TARGET_NAME)";
				SWIFT_EMIT_LOC_STRINGS = NO;
				SWIFT_VERSION = 5.0;
				TARGETED_DEVICE_FAMILY = "1,2";
				TEST_TARGET_NAME = "snap capsule";
			};
			name = Debug;
		};
		C3ED3EA42DE3A9A70028180D /* Release */ = {
			isa = XCBuildConfiguration;
			buildSettings = {
				CODE_SIGN_STYLE = Automatic;
				CURRENT_PROJECT_VERSION = 1;
				DEVELOPMENT_TEAM = 2USALF9GCQ;
				GENERATE_INFOPLIST_FILE = YES;
				MARKETING_VERSION = 1.0;
				PRODUCT_BUNDLE_IDENTIFIER = "com.snapcapsule.snap-capsuleUITests";
				PRODUCT_NAME = "$(TARGET_NAME)";
				SWIFT_EMIT_LOC_STRINGS = NO;
				SWIFT_VERSION = 5.0;
				TARGETED_DEVICE_FAMILY = "1,2";
				TEST_TARGET_NAME = "snap capsule";
			};
			name = Release;
		};
/* End XCBuildConfiguration section */

/* Begin XCConfigurationList section */
		C3ED3E762DE3A9A60028180D /* Build configuration list for PBXProject "snap capsule" */ = {
			isa = XCConfigurationList;
			buildConfigurations = (
				C3ED3E9A2DE3A9A70028180D /* Debug */,
				C3ED3E9B2DE3A9A70028180D /* Release */,
			);
			defaultConfigurationIsVisible = 0;
			defaultConfigurationName = Release;
		};
		C3ED3E9C2DE3A9A70028180D /* Build configuration list for PBXNativeTarget "snap capsule" */ = {
			isa = XCConfigurationList;
			buildConfigurations = (
				C3ED3E9D2DE3A9A70028180D /* Debug */,
				C3ED3E9E2DE3A9A70028180D /* Release */,
			);
			defaultConfigurationIsVisible = 0;
			defaultConfigurationName = Release;
		};
		C3ED3E9F2DE3A9A70028180D /* Build configuration list for PBXNativeTarget "snap capsuleTests" */ = {
			isa = XCConfigurationList;
			buildConfigurations = (
				C3ED3EA02DE3A9A70028180D /* Debug */,
				C3ED3EA12DE3A9A70028180D /* Release */,
			);
			defaultConfigurationIsVisible = 0;
			defaultConfigurationName = Release;
		};
		C3ED3EA22DE3A9A70028180D /* Build configuration list for PBXNativeTarget "snap capsuleUITests" */ = {
			isa = XCConfigurationList;
			buildConfigurations = (
				C3ED3EA32DE3A9A70028180D /* Debug */,
				C3ED3EA42DE3A9A70028180D /* Release */,
			);
			defaultConfigurationIsVisible = 0;
			defaultConfigurationName = Release;
		};
/* End XCConfigurationList section */
	};
	rootObject = C3ED3E732DE3A9A60028180D /* Project object */;
}
